// !$*UTF8*$!
{
	archiveVersion = 1;
	classes = {
	};
	objectVersion = 46;
	objects = {

/* Begin PBXBuildFile section */
		A637974D1C1D56C600ACE76C /* AppDelegate.swift in Sources */ = {isa = PBXBuildFile; fileRef = A637974C1C1D56C600ACE76C /* AppDelegate.swift */; };
		A637974F1C1D56C600ACE76C /* ViewController.swift in Sources */ = {isa = PBXBuildFile; fileRef = A637974E1C1D56C600ACE76C /* ViewController.swift */; };
		A63797521C1D56C600ACE76C /* Main.storyboard in Resources */ = {isa = PBXBuildFile; fileRef = A63797501C1D56C600ACE76C /* Main.storyboard */; };
		A63797551C1D56C600ACE76C /* pokedex.xcdatamodeld in Sources */ = {isa = PBXBuildFile; fileRef = A63797531C1D56C600ACE76C /* pokedex.xcdatamodeld */; };
		A63797571C1D56C600ACE76C /* Assets.xcassets in Resources */ = {isa = PBXBuildFile; fileRef = A63797561C1D56C600ACE76C /* Assets.xcassets */; };
		A637975A1C1D56C600ACE76C /* LaunchScreen.storyboard in Resources */ = {isa = PBXBuildFile; fileRef = A63797581C1D56C600ACE76C /* LaunchScreen.storyboard */; };
/* End PBXBuildFile section */

/* Begin PBXFileReference section */
		A63797491C1D56C600ACE76C /* pokedex.app */ = {isa = PBXFileReference; explicitFileType = wrapper.application; includeInIndex = 0; path = pokedex.app; sourceTree = BUILT_PRODUCTS_DIR; };
		A637974C1C1D56C600ACE76C /* AppDelegate.swift */ = {isa = PBXFileReference; lastKnownFileType = sourcecode.swift; path = AppDelegate.swift; sourceTree = "<group>"; };
		A637974E1C1D56C600ACE76C /* ViewController.swift */ = {isa = PBXFileReference; lastKnownFileType = sourcecode.swift; path = ViewController.swift; sourceTree = "<group>"; };
		A63797511C1D56C600ACE76C /* Base */ = {isa = PBXFileReference; lastKnownFileType = file.storyboard; name = Base; path = Base.lproj/Main.storyboard; sourceTree = "<group>"; };
		A63797541C1D56C600ACE76C /* pokedex.xcdatamodel */ = {isa = PBXFileReference; lastKnownFileType = wrapper.xcdatamodel; path = pokedex.xcdatamodel; sourceTree = "<group>"; };
		A63797561C1D56C600ACE76C /* Assets.xcassets */ = {isa = PBXFileReference; lastKnownFileType = folder.assetcatalog; path = Assets.xcassets; sourceTree = "<group>"; };
		A63797591C1D56C600ACE76C /* Base */ = {isa = PBXFileReference; lastKnownFileType = file.storyboard; name = Base; path = Base.lproj/LaunchScreen.storyboard; sourceTree = "<group>"; };
		A637975B1C1D56C600ACE76C /* Info.plist */ = {isa = PBXFileReference; lastKnownFileType = text.plist.xml; path = Info.plist; sourceTree = "<group>"; };
/* End PBXFileReference section */

/* Begin PBXFrameworksBuildPhase section */
		A63797461C1D56C600ACE76C /* Frameworks */ = {
			isa = PBXFrameworksBuildPhase;
			buildActionMask = 2147483647;
			files = (
			);
			runOnlyForDeploymentPostprocessing = 0;
		};
/* End PBXFrameworksBuildPhase section */

/* Begin PBXGroup section */
		A63797401C1D56C600ACE76C = {
			isa = PBXGroup;
			children = (
				A637974B1C1D56C600ACE76C /* pokedex */,
				A637974A1C1D56C600ACE76C /* Products */,
			);
			sourceTree = "<group>";
		};
		A637974A1C1D56C600ACE76C /* Products */ = {
			isa = PBXGroup;
			children = (
				A63797491C1D56C600ACE76C /* pokedex.app */,
			);
			name = Products;
			sourceTree = "<group>";
		};
		A637974B1C1D56C600ACE76C /* pokedex */ = {
			isa = PBXGroup;
			children = (
				A637974C1C1D56C600ACE76C /* AppDelegate.swift */,
				A637974E1C1D56C600ACE76C /* ViewController.swift */,
				A63797501C1D56C600ACE76C /* Main.storyboard */,
				A63797561C1D56C600ACE76C /* Assets.xcassets */,
				A63797581C1D56C600ACE76C /* LaunchScreen.storyboard */,
				A637975B1C1D56C600ACE76C /* Info.plist */,
				A63797531C1D56C600ACE76C /* pokedex.xcdatamodeld */,
			);
			path = pokedex;
			sourceTree = "<group>";
		};
/* End PBXGroup section */

/* Begin PBXNativeTarget section */
		A63797481C1D56C600ACE76C /* pokedex */ = {
			isa = PBXNativeTarget;
			buildConfigurationList = A637975E1C1D56C600ACE76C /* Build configuration list for PBXNativeTarget "pokedex" */;
			buildPhases = (
				A63797451C1D56C600ACE76C /* Sources */,
				A63797461C1D56C600ACE76C /* Frameworks */,
				A63797471C1D56C600ACE76C /* Resources */,
			);
			buildRules = (
			);
			dependencies = (
			);
			name = pokedex;
			productName = pokedex;
			productReference = A63797491C1D56C600ACE76C /* pokedex.app */;
			productType = "com.apple.product-type.application";
		};
/* End PBXNativeTarget section */

/* Begin PBXProject section */
		A63797411C1D56C600ACE76C /* Project object */ = {
			isa = PBXProject;
			attributes = {
				LastSwiftUpdateCheck = 0720;
				LastUpgradeCheck = 0720;
				ORGANIZATIONNAME = "Studio 966";
				TargetAttributes = {
					A63797481C1D56C600ACE76C = {
						CreatedOnToolsVersion = 7.2;
					};
				};
			};
			buildConfigurationList = A63797441C1D56C600ACE76C /* Build configuration list for PBXProject "pokedex" */;
			compatibilityVersion = "Xcode 3.2";
			developmentRegion = English;
			hasScannedForEncodings = 0;
			knownRegions = (
				en,
				Base,
			);
			mainGroup = A63797401C1D56C600ACE76C;
			productRefGroup = A637974A1C1D56C600ACE76C /* Products */;
			projectDirPath = "";
			projectRoot = "";
			targets = (
				A63797481C1D56C600ACE76C /* pokedex */,
			);
		};
/* End PBXProject section */

/* Begin PBXResourcesBuildPhase section */
		A63797471C1D56C600ACE76C /* Resources */ = {
			isa = PBXResourcesBuildPhase;
			buildActionMask = 2147483647;
			files = (
				A637975A1C1D56C600ACE76C /* LaunchScreen.storyboard in Resources */,
				A63797571C1D56C600ACE76C /* Assets.xcassets in Resources */,
				A63797521C1D56C600ACE76C /* Main.storyboard in Resources */,
			);
			runOnlyForDeploymentPostprocessing = 0;
		};
/* End PBXResourcesBuildPhase section */

/* Begin PBXSourcesBuildPhase section */
		A63797451C1D56C600ACE76C /* Sources */ = {
			isa = PBXSourcesBuildPhase;
			buildActionMask = 2147483647;
			files = (
				A63797551C1D56C600ACE76C /* pokedex.xcdatamodeld in Sources */,
				A637974F1C1D56C600ACE76C /* ViewController.swift in Sources */,
				A637974D1C1D56C600ACE76C /* AppDelegate.swift in Sources */,
			);
			runOnlyForDeploymentPostprocessing = 0;
		};
/* End PBXSourcesBuildPhase section */

/* Begin PBXVariantGroup section */
		A63797501C1D56C600ACE76C /* Main.storyboard */ = {
			isa = PBXVariantGroup;
			children = (
				A63797511C1D56C600ACE76C /* Base */,
			);
			name = Main.storyboard;
			sourceTree = "<group>";
		};
		A63797581C1D56C600ACE76C /* LaunchScreen.storyboard */ = {
			isa = PBXVariantGroup;
			children = (
				A63797591C1D56C600ACE76C /* Base */,
			);
			name = LaunchScreen.storyboard;
			sourceTree = "<group>";
		};
/* End PBXVariantGroup section */

/* Begin XCBuildConfiguration section */
		A637975C1C1D56C600ACE76C /* Debug */ = {
			isa = XCBuildConfiguration;
			buildSettings = {
				ALWAYS_SEARCH_USER_PATHS = NO;
				CLANG_CXX_LANGUAGE_STANDARD = "gnu++0x";
				CLANG_CXX_LIBRARY = "libc++";
				CLANG_ENABLE_MODULES = YES;
				CLANG_ENABLE_OBJC_ARC = YES;
				CLANG_WARN_BOOL_CONVERSION = YES;
				CLANG_WARN_CONSTANT_CONVERSION = YES;
				CLANG_WARN_DIRECT_OBJC_ISA_USAGE = YES_ERROR;
				CLANG_WARN_EMPTY_BODY = YES;
				CLANG_WARN_ENUM_CONVERSION = YES;
				CLANG_WARN_INT_CONVERSION = YES;
				CLANG_WARN_OBJC_ROOT_CLASS = YES_ERROR;
				CLANG_WARN_UNREACHABLE_CODE = YES;
				CLANG_WARN__DUPLICATE_METHOD_MATCH = YES;
				"CODE_SIGN_IDENTITY[sdk=iphoneos*]" = "iPhone Developer";
				COPY_PHASE_STRIP = NO;
				DEBUG_INFORMATION_FORMAT = dwarf;
				ENABLE_STRICT_OBJC_MSGSEND = YES;
				ENABLE_TESTABILITY = YES;
				GCC_C_LANGUAGE_STANDARD = gnu99;
				GCC_DYNAMIC_NO_PIC = NO;
				GCC_NO_COMMON_BLOCKS = YES;
				GCC_OPTIMIZATION_LEVEL = 0;
				GCC_PREPROCESSOR_DEFINITIONS = (
					"DEBUG=1",
					"$(inherited)",
				);
				GCC_WARN_64_TO_32_BIT_CONVERSION = YES;
				GCC_WARN_ABOUT_RETURN_TYPE = YES_ERROR;
				GCC_WARN_UNDECLARED_SELECTOR = YES;
				GCC_WARN_UNINITIALIZED_AUTOS = YES_AGGRESSIVE;
				GCC_WARN_UNUSED_FUNCTION = YES;
				GCC_WARN_UNUSED_VARIABLE = YES;
				IPHONEOS_DEPLOYMENT_TARGET = 9.2;
				MTL_ENABLE_DEBUG_INFO = YES;
				ONLY_ACTIVE_ARCH = YES;
				SDKROOT = iphoneos;
				SWIFT_OPTIMIZATION_LEVEL = "-Onone";
			};
			name = Debug;
		};
		A637975D1C1D56C600ACE76C /* Release */ = {
			isa = XCBuildConfiguration;
			buildSettings = {
				ALWAYS_SEARCH_USER_PATHS = NO;
				CLANG_CXX_LANGUAGE_STANDARD = "gnu++0x";
				CLANG_CXX_LIBRARY = "libc++";
				CLANG_ENABLE_MODULES = YES;
				CLANG_ENABLE_OBJC_ARC = YES;
				CLANG_WARN_BOOL_CONVERSION = YES;
				CLANG_WARN_CONSTANT_CONVERSION = YES;
				CLANG_WARN_DIRECT_OBJC_ISA_USAGE = YES_ERROR;
				CLANG_WARN_EMPTY_BODY = YES;
				CLANG_WARN_ENUM_CONVERSION = YES;
				CLANG_WARN_INT_CONVERSION = YES;
				CLANG_WARN_OBJC_ROOT_CLASS = YES_ERROR;
				CLANG_WARN_UNREACHABLE_CODE = YES;
				CLANG_WARN__DUPLICATE_METHOD_MATCH = YES;
				"CODE_SIGN_IDENTITY[sdk=iphoneos*]" = "iPhone Developer";
				COPY_PHASE_STRIP = NO;
				DEBUG_INFORMATION_FORMAT = "dwarf-with-dsym";
				ENABLE_NS_ASSERTIONS = NO;
				ENABLE_STRICT_OBJC_MSGSEND = YES;
				GCC_C_LANGUAGE_STANDARD = gnu99;
				GCC_NO_COMMON_BLOCKS = YES;
				GCC_WARN_64_TO_32_BIT_CONVERSION = YES;
				GCC_WARN_ABOUT_RETURN_TYPE = YES_ERROR;
				GCC_WARN_UNDECLARED_SELECTOR = YES;
				GCC_WARN_UNINITIALIZED_AUTOS = YES_AGGRESSIVE;
				GCC_WARN_UNUSED_FUNCTION = YES;
				GCC_WARN_UNUSED_VARIABLE = YES;
				IPHONEOS_DEPLOYMENT_TARGET = 9.2;
				MTL_ENABLE_DEBUG_INFO = NO;
				SDKROOT = iphoneos;
				VALIDATE_PRODUCT = YES;
			};
			name = Release;
		};
		A637975F1C1D56C600ACE76C /* Debug */ = {
			isa = XCBuildConfiguration;
			buildSettings = {
				ASSETCATALOG_COMPILER_APPICON_NAME = AppIcon;
				INFOPLIST_FILE = pokedex/Info.plist;
				LD_RUNPATH_SEARCH_PATHS = "$(inherited) @executable_path/Frameworks";
				PRODUCT_BUNDLE_IDENTIFIER = sa.studio966.pokedex;
				PRODUCT_NAME = "$(TARGET_NAME)";
			};
			name = Debug;
		};
		A63797601C1D56C600ACE76C /* Release */ = {
			isa = XCBuildConfiguration;
			buildSettings = {
				ASSETCATALOG_COMPILER_APPICON_NAME = AppIcon;
				INFOPLIST_FILE = pokedex/Info.plist;
				LD_RUNPATH_SEARCH_PATHS = "$(inherited) @executable_path/Frameworks";
				PRODUCT_BUNDLE_IDENTIFIER = sa.studio966.pokedex;
				PRODUCT_NAME = "$(TARGET_NAME)";
			};
			name = Release;
		};
/* End XCBuildConfiguration section */

/* Begin XCConfigurationList section */
		A63797441C1D56C600ACE76C /* Build configuration list for PBXProject "pokedex" */ = {
			isa = XCConfigurationList;
			buildConfigurations = (
				A637975C1C1D56C600ACE76C /* Debug */,
				A637975D1C1D56C600ACE76C /* Release */,
			);
			defaultConfigurationIsVisible = 0;
			defaultConfigurationName = Release;
		};
		A637975E1C1D56C600ACE76C /* Build configuration list for PBXNativeTarget "pokedex" */ = {
			isa = XCConfigurationList;
			buildConfigurations = (
				A637975F1C1D56C600ACE76C /* Debug */,
				A63797601C1D56C600ACE76C /* Release */,
			);
			defaultConfigurationIsVisible = 0;
		};
/* End XCConfigurationList section */

/* Begin XCVersionGroup section */
		A63797531C1D56C600ACE76C /* pokedex.xcdatamodeld */ = {
			isa = XCVersionGroup;
			children = (
				A63797541C1D56C600ACE76C /* pokedex.xcdatamodel */,
			);
			currentVersion = A63797541C1D56C600ACE76C /* pokedex.xcdatamodel */;
			path = pokedex.xcdatamodeld;
			sourceTree = "<group>";
			versionGroupType = wrapper.xcdatamodel;
		};
/* End XCVersionGroup section */
	};
	rootObject = A63797411C1D56C600ACE76C /* Project object */;
}
