// !$*UTF8*$!
{
	archiveVersion = 1;
	classes = {
	};
	objectVersion = 46;
	objects = {

/* Begin PBXBuildFile section */
		A637974D1C1D56C600ACE76C /* AppDelegate.swift in Sources */ = {isa = PBXBuildFile; fileRef = A637974C1C1D56C600ACE76C /* AppDelegate.swift */; };
		A637974F1C1D56C600ACE76C /* ViewController.swift in Sources */ = {isa = PBXBuildFile; fileRef = A637974E1C1D56C600ACE76C /* ViewController.swift */; };
		A63797571C1D56C600ACE76C /* Assets.xcassets in Resources */ = {isa = PBXBuildFile; fileRef = A63797561C1D56C600ACE76C /* Assets.xcassets */; };
		A637975A1C1D56C600ACE76C /* LaunchScreen.storyboard in Resources */ = {isa = PBXBuildFile; fileRef = A63797581C1D56C600ACE76C /* LaunchScreen.storyboard */; };
		A63797621C1D58D900ACE76C /* pokemon.csv in Resources */ = {isa = PBXBuildFile; fileRef = A63797611C1D58D900ACE76C /* pokemon.csv */; };
		A63797671C1D5A5B00ACE76C /* Pokemon.swift in Sources */ = {isa = PBXBuildFile; fileRef = A63797661C1D5A5B00ACE76C /* Pokemon.swift */; };
		A682C1111C1D892000A4A7E9 /* PokeCell.swift in Sources */ = {isa = PBXBuildFile; fileRef = A682C1101C1D892000A4A7E9 /* PokeCell.swift */; };
		A682C1131C1D978600A4A7E9 /* csv.swift in Sources */ = {isa = PBXBuildFile; fileRef = A682C1121C1D978600A4A7E9 /* csv.swift */; };
		A682C1171C1D9C6800A4A7E9 /* Pokemon.ttf in Resources */ = {isa = PBXBuildFile; fileRef = A682C1161C1D9C6800A4A7E9 /* Pokemon.ttf */; };
		A682C1191C1D9E3A00A4A7E9 /* music.mp3 in Resources */ = {isa = PBXBuildFile; fileRef = A682C1181C1D9E3A00A4A7E9 /* music.mp3 */; };
		A682C11D1C1DAC1400A4A7E9 /* PokemonDetailVC.swift in Sources */ = {isa = PBXBuildFile; fileRef = A682C11C1C1DAC1400A4A7E9 /* PokemonDetailVC.swift */; };
		A682C11F1C1DAF3C00A4A7E9 /* Main.storyboard in Resources */ = {isa = PBXBuildFile; fileRef = A682C11E1C1DAF3C00A4A7E9 /* Main.storyboard */; };
/* End PBXBuildFile section */

/* Begin PBXFileReference section */
		A63797491C1D56C600ACE76C /* pokedex.app */ = {isa = PBXFileReference; explicitFileType = wrapper.application; includeInIndex = 0; path = pokedex.app; sourceTree = BUILT_PRODUCTS_DIR; };
		A637974C1C1D56C600ACE76C /* AppDelegate.swift */ = {isa = PBXFileReference; lastKnownFileType = sourcecode.swift; path = AppDelegate.swift; sourceTree = "<group>"; };
		A637974E1C1D56C600ACE76C /* ViewController.swift */ = {isa = PBXFileReference; lastKnownFileType = sourcecode.swift; path = ViewController.swift; sourceTree = "<group>"; };
		A63797561C1D56C600ACE76C /* Assets.xcassets */ = {isa = PBXFileReference; lastKnownFileType = folder.assetcatalog; path = Assets.xcassets; sourceTree = "<group>"; };
		A63797591C1D56C600ACE76C /* Base */ = {isa = PBXFileReference; lastKnownFileType = file.storyboard; name = Base; path = Base.lproj/LaunchScreen.storyboard; sourceTree = "<group>"; };
		A637975B1C1D56C600ACE76C /* Info.plist */ = {isa = PBXFileReference; lastKnownFileType = text.plist.xml; path = Info.plist; sourceTree = "<group>"; };
		A63797611C1D58D900ACE76C /* pokemon.csv */ = {isa = PBXFileReference; fileEncoding = 4; lastKnownFileType = text; path = pokemon.csv; sourceTree = "<group>"; };
		A63797661C1D5A5B00ACE76C /* Pokemon.swift */ = {isa = PBXFileReference; fileEncoding = 4; lastKnownFileType = sourcecode.swift; path = Pokemon.swift; sourceTree = "<group>"; };
		A682C1101C1D892000A4A7E9 /* PokeCell.swift */ = {isa = PBXFileReference; fileEncoding = 4; lastKnownFileType = sourcecode.swift; path = PokeCell.swift; sourceTree = "<group>"; };
		A682C1121C1D978600A4A7E9 /* csv.swift */ = {isa = PBXFileReference; fileEncoding = 4; lastKnownFileType = sourcecode.swift; path = csv.swift; sourceTree = "<group>"; };
		A682C1161C1D9C6800A4A7E9 /* Pokemon.ttf */ = {isa = PBXFileReference; lastKnownFileType = file; path = Pokemon.ttf; sourceTree = "<group>"; };
		A682C1181C1D9E3A00A4A7E9 /* music.mp3 */ = {isa = PBXFileReference; lastKnownFileType = audio.mp3; path = music.mp3; sourceTree = "<group>"; };
		A682C11C1C1DAC1400A4A7E9 /* PokemonDetailVC.swift */ = {isa = PBXFileReference; fileEncoding = 4; lastKnownFileType = sourcecode.swift; path = PokemonDetailVC.swift; sourceTree = "<group>"; };
		A682C11E1C1DAF3C00A4A7E9 /* Main.storyboard */ = {isa = PBXFileReference; fileEncoding = 4; lastKnownFileType = file.storyboard; path = Main.storyboard; sourceTree = "<group>"; };
/* End PBXFileReference section */

/* Begin PBXFrameworksBuildPhase section */
		A63797461C1D56C600ACE76C /* Frameworks */ = {
			isa = PBXFrameworksBuildPhase;
			buildActionMask = 2147483647;
			files = (
			);
			runOnlyForDeploymentPostprocessing = 0;
		};
/* End PBXFrameworksBuildPhase section */

/* Begin PBXGroup section */
		A63797401C1D56C600ACE76C = {
			isa = PBXGroup;
			children = (
				A637974B1C1D56C600ACE76C /* pokedex */,
				A637974A1C1D56C600ACE76C /* Products */,
			);
			sourceTree = "<group>";
		};
		A637974A1C1D56C600ACE76C /* Products */ = {
			isa = PBXGroup;
			children = (
				A63797491C1D56C600ACE76C /* pokedex.app */,
			);
			name = Products;
			sourceTree = "<group>";
		};
		A637974B1C1D56C600ACE76C /* pokedex */ = {
			isa = PBXGroup;
			children = (
				A63797631C1D5A2D00ACE76C /* Model */,
				A63797641C1D5A3600ACE76C /* View */,
				A63797651C1D5A3D00ACE76C /* Controller */,
				A682C1141C1D979E00A4A7E9 /* Util */,
				A682C1151C1D97BD00A4A7E9 /* Resources */,
				A637974C1C1D56C600ACE76C /* AppDelegate.swift */,
				A63797561C1D56C600ACE76C /* Assets.xcassets */,
				A63797581C1D56C600ACE76C /* LaunchScreen.storyboard */,
				A682C11E1C1DAF3C00A4A7E9 /* Main.storyboard */,
				A637975B1C1D56C600ACE76C /* Info.plist */,
			);
			path = pokedex;
			sourceTree = "<group>";
		};
		A63797631C1D5A2D00ACE76C /* Model */ = {
			isa = PBXGroup;
			children = (
				A63797661C1D5A5B00ACE76C /* Pokemon.swift */,
			);
			name = Model;
			sourceTree = "<group>";
		};
		A63797641C1D5A3600ACE76C /* View */ = {
			isa = PBXGroup;
			children = (
				A682C1101C1D892000A4A7E9 /* PokeCell.swift */,
			);
			name = View;
			sourceTree = "<group>";
		};
		A63797651C1D5A3D00ACE76C /* Controller */ = {
			isa = PBXGroup;
			children = (
				A637974E1C1D56C600ACE76C /* ViewController.swift */,
				A682C11C1C1DAC1400A4A7E9 /* PokemonDetailVC.swift */,
			);
			name = Controller;
			sourceTree = "<group>";
		};
		A682C1141C1D979E00A4A7E9 /* Util */ = {
			isa = PBXGroup;
			children = (
				A682C1121C1D978600A4A7E9 /* csv.swift */,
			);
			name = Util;
			sourceTree = "<group>";
		};
		A682C1151C1D97BD00A4A7E9 /* Resources */ = {
			isa = PBXGroup;
			children = (
				A682C1181C1D9E3A00A4A7E9 /* music.mp3 */,
				A682C1161C1D9C6800A4A7E9 /* Pokemon.ttf */,
				A63797611C1D58D900ACE76C /* pokemon.csv */,
			);
			name = Resources;
			sourceTree = "<group>";
		};
/* End PBXGroup section */

/* Begin PBXNativeTarget section */
		A63797481C1D56C600ACE76C /* pokedex */ = {
			isa = PBXNativeTarget;
			buildConfigurationList = A637975E1C1D56C600ACE76C /* Build configuration list for PBXNativeTarget "pokedex" */;
			buildPhases = (
				A63797451C1D56C600ACE76C /* Sources */,
				A63797461C1D56C600ACE76C /* Frameworks */,
				A63797471C1D56C600ACE76C /* Resources */,
			);
			buildRules = (
			);
			dependencies = (
			);
			name = pokedex;
			productName = pokedex;
			productReference = A63797491C1D56C600ACE76C /* pokedex.app */;
			productType = "com.apple.product-type.application";
		};
/* End PBXNativeTarget section */

/* Begin PBXProject section */
		A63797411C1D56C600ACE76C /* Project object */ = {
			isa = PBXProject;
			attributes = {
				LastSwiftUpdateCheck = 0720;
				LastUpgradeCheck = 0720;
				ORGANIZATIONNAME = "Studio 966";
				TargetAttributes = {
					A63797481C1D56C600ACE76C = {
						CreatedOnToolsVersion = 7.2;
					};
				};
			};
			buildConfigurationList = A63797441C1D56C600ACE76C /* Build configuration list for PBXProject "pokedex" */;
			compatibilityVersion = "Xcode 3.2";
			developmentRegion = English;
			hasScannedForEncodings = 0;
			knownRegions = (
				en,
				Base,
			);
			mainGroup = A63797401C1D56C600ACE76C;
			productRefGroup = A637974A1C1D56C600ACE76C /* Products */;
			projectDirPath = "";
			projectRoot = "";
			targets = (
				A63797481C1D56C600ACE76C /* pokedex */,
			);
		};
/* End PBXProject section */

/* Begin PBXResourcesBuildPhase section */
		A63797471C1D56C600ACE76C /* Resources */ = {
			isa = PBXResourcesBuildPhase;
			buildActionMask = 2147483647;
			files = (
				A637975A1C1D56C600ACE76C /* LaunchScreen.storyboard in Resources */,
				A682C1171C1D9C6800A4A7E9 /* Pokemon.ttf in Resources */,
				A682C1191C1D9E3A00A4A7E9 /* music.mp3 in Resources */,
				A682C11F1C1DAF3C00A4A7E9 /* Main.storyboard in Resources */,
				A63797571C1D56C600ACE76C /* Assets.xcassets in Resources */,
				A63797621C1D58D900ACE76C /* pokemon.csv in Resources */,
			);
			runOnlyForDeploymentPostprocessing = 0;
		};
/* End PBXResourcesBuildPhase section */

/* Begin PBXSourcesBuildPhase section */
		A63797451C1D56C600ACE76C /* Sources */ = {
			isa = PBXSourcesBuildPhase;
			buildActionMask = 2147483647;
			files = (
				A682C1131C1D978600A4A7E9 /* csv.swift in Sources */,
				A63797671C1D5A5B00ACE76C /* Pokemon.swift in Sources */,
				A637974F1C1D56C600ACE76C /* ViewController.swift in Sources */,
				A682C11D1C1DAC1400A4A7E9 /* PokemonDetailVC.swift in Sources */,
				A637974D1C1D56C600ACE76C /* AppDelegate.swift in Sources */,
				A682C1111C1D892000A4A7E9 /* PokeCell.swift in Sources */,
			);
			runOnlyForDeploymentPostprocessing = 0;
		};
/* End PBXSourcesBuildPhase section */

/* Begin PBXVariantGroup section */
		A63797581C1D56C600ACE76C /* LaunchScreen.storyboard */ = {
			isa = PBXVariantGroup;
			children = (
				A63797591C1D56C600ACE76C /* Base */,
			);
			name = LaunchScreen.storyboard;
			sourceTree = "<group>";
		};
/* End PBXVariantGroup section */

/* Begin XCBuildConfiguration section */
		A637975C1C1D56C600ACE76C /* Debug */ = {
			isa = XCBuildConfiguration;
			buildSettings = {
				ALWAYS_SEARCH_USER_PATHS = NO;
				CLANG_CXX_LANGUAGE_STANDARD = "gnu++0x";
				CLANG_CXX_LIBRARY = "libc++";
				CLANG_ENABLE_MODULES = YES;
				CLANG_ENABLE_OBJC_ARC = YES;
				CLANG_WARN_BOOL_CONVERSION = YES;
				CLANG_WARN_CONSTANT_CONVERSION = YES;
				CLANG_WARN_DIRECT_OBJC_ISA_USAGE = YES_ERROR;
				CLANG_WARN_EMPTY_BODY = YES;
				CLANG_WARN_ENUM_CONVERSION = YES;
				CLANG_WARN_INT_CONVERSION = YES;
				CLANG_WARN_OBJC_ROOT_CLASS = YES_ERROR;
				CLANG_WARN_UNREACHABLE_CODE = YES;
				CLANG_WARN__DUPLICATE_METHOD_MATCH = YES;
				"CODE_SIGN_IDENTITY[sdk=iphoneos*]" = "iPhone Developer";
				COPY_PHASE_STRIP = NO;
				DEBUG_INFORMATION_FORMAT = dwarf;
				ENABLE_STRICT_OBJC_MSGSEND = YES;
				ENABLE_TESTABILITY = YES;
				GCC_C_LANGUAGE_STANDARD = gnu99;
				GCC_DYNAMIC_NO_PIC = NO;
				GCC_NO_COMMON_BLOCKS = YES;
				GCC_OPTIMIZATION_LEVEL = 0;
				GCC_PREPROCESSOR_DEFINITIONS = (
					"DEBUG=1",
					"$(inherited)",
				);
				GCC_WARN_64_TO_32_BIT_CONVERSION = YES;
				GCC_WARN_ABOUT_RETURN_TYPE = YES_ERROR;
				GCC_WARN_UNDECLARED_SELECTOR = YES;
				GCC_WARN_UNINITIALIZED_AUTOS = YES_AGGRESSIVE;
				GCC_WARN_UNUSED_FUNCTION = YES;
				GCC_WARN_UNUSED_VARIABLE = YES;
				IPHONEOS_DEPLOYMENT_TARGET = 9.2;
				MTL_ENABLE_DEBUG_INFO = YES;
				ONLY_ACTIVE_ARCH = YES;
				SDKROOT = iphoneos;
				SWIFT_OPTIMIZATION_LEVEL = "-Onone";
			};
			name = Debug;
		};
		A637975D1C1D56C600ACE76C /* Release */ = {
			isa = XCBuildConfiguration;
			buildSettings = {
				ALWAYS_SEARCH_USER_PATHS = NO;
				CLANG_CXX_LANGUAGE_STANDARD = "gnu++0x";
				CLANG_CXX_LIBRARY = "libc++";
				CLANG_ENABLE_MODULES = YES;
				CLANG_ENABLE_OBJC_ARC = YES;
				CLANG_WARN_BOOL_CONVERSION = YES;
				CLANG_WARN_CONSTANT_CONVERSION = YES;
				CLANG_WARN_DIRECT_OBJC_ISA_USAGE = YES_ERROR;
				CLANG_WARN_EMPTY_BODY = YES;
				CLANG_WARN_ENUM_CONVERSION = YES;
				CLANG_WARN_INT_CONVERSION = YES;
				CLANG_WARN_OBJC_ROOT_CLASS = YES_ERROR;
				CLANG_WARN_UNREACHABLE_CODE = YES;
				CLANG_WARN__DUPLICATE_METHOD_MATCH = YES;
				"CODE_SIGN_IDENTITY[sdk=iphoneos*]" = "iPhone Developer";
				COPY_PHASE_STRIP = NO;
				DEBUG_INFORMATION_FORMAT = "dwarf-with-dsym";
				ENABLE_NS_ASSERTIONS = NO;
				ENABLE_STRICT_OBJC_MSGSEND = YES;
				GCC_C_LANGUAGE_STANDARD = gnu99;
				GCC_NO_COMMON_BLOCKS = YES;
				GCC_WARN_64_TO_32_BIT_CONVERSION = YES;
				GCC_WARN_ABOUT_RETURN_TYPE = YES_ERROR;
				GCC_WARN_UNDECLARED_SELECTOR = YES;
				GCC_WARN_UNINITIALIZED_AUTOS = YES_AGGRESSIVE;
				GCC_WARN_UNUSED_FUNCTION = YES;
				GCC_WARN_UNUSED_VARIABLE = YES;
				IPHONEOS_DEPLOYMENT_TARGET = 9.2;
				MTL_ENABLE_DEBUG_INFO = NO;
				SDKROOT = iphoneos;
				VALIDATE_PRODUCT = YES;
			};
			name = Release;
		};
		A637975F1C1D56C600ACE76C /* Debug */ = {
			isa = XCBuildConfiguration;
			buildSettings = {
				ASSETCATALOG_COMPILER_APPICON_NAME = AppIcon;
				INFOPLIST_FILE = pokedex/Info.plist;
				LD_RUNPATH_SEARCH_PATHS = "$(inherited) @executable_path/Frameworks";
				PRODUCT_BUNDLE_IDENTIFIER = sa.studio966.pokedex;
				PRODUCT_NAME = "$(TARGET_NAME)";
			};
			name = Debug;
		};
		A63797601C1D56C600ACE76C /* Release */ = {
			isa = XCBuildConfiguration;
			buildSettings = {
				ASSETCATALOG_COMPILER_APPICON_NAME = AppIcon;
				INFOPLIST_FILE = pokedex/Info.plist;
				LD_RUNPATH_SEARCH_PATHS = "$(inherited) @executable_path/Frameworks";
				PRODUCT_BUNDLE_IDENTIFIER = sa.studio966.pokedex;
				PRODUCT_NAME = "$(TARGET_NAME)";
			};
			name = Release;
		};
/* End XCBuildConfiguration section */

/* Begin XCConfigurationList section */
		A63797441C1D56C600ACE76C /* Build configuration list for PBXProject "pokedex" */ = {
			isa = XCConfigurationList;
			buildConfigurations = (
				A637975C1C1D56C600ACE76C /* Debug */,
				A637975D1C1D56C600ACE76C /* Release */,
			);
			defaultConfigurationIsVisible = 0;
			defaultConfigurationName = Release;
		};
		A637975E1C1D56C600ACE76C /* Build configuration list for PBXNativeTarget "pokedex" */ = {
			isa = XCConfigurationList;
			buildConfigurations = (
				A637975F1C1D56C600ACE76C /* Debug */,
				A63797601C1D56C600ACE76C /* Release */,
			);
			defaultConfigurationIsVisible = 0;
			defaultConfigurationName = Release;
		};
/* End XCConfigurationList section */
	};
	rootObject = A63797411C1D56C600ACE76C /* Project object */;
}
